<?xml version="1.0" encoding="utf-8"?>
<Project ToolsVersion="4.0" xmlns="http://schemas.microsoft.com/developer/msbuild/2003">
  <ItemGroup>
    <ClCompile Include="imgui\imgui.cpp">
      <Filter>imgui</Filter>
    </ClCompile>
    <ClCompile Include="imgui\imgui_demo.cpp">
      <Filter>imgui</Filter>
    </ClCompile>
    <ClCompile Include="imgui\imgui_draw.cpp">
      <Filter>imgui</Filter>
    </ClCompile>
    <ClCompile Include="imgui\imgui_impl_sdl.cpp">
      <Filter>imgui</Filter>
    </ClCompile>
    <ClCompile Include="nativefiledialog\src\nfd_win.cpp">
      <Filter>nativefiledialog</Filter>
    </ClCompile>
    <ClCompile Include="nativefiledialog\src\nfd_common.cpp">
      <Filter>nativefiledialog</Filter>
    </ClCompile>
    <ClCompile Include="src\disk.cpp">
      <Filter>machine</Filter>
    </ClCompile>
    <ClCompile Include="src\disk_image.cpp">
      <Filter>machine</Filter>
    </ClCompile>
    <ClCompile Include="src\font.cpp">
      <Filter>machine</Filter>
    </ClCompile>
    <ClCompile Include="src\joystick.cpp">
      <Filter>machine</Filter>
    </ClCompile>
    <ClCompile Include="src\keyboard.cpp">
      <Filter>machine</Filter>
    </ClCompile>
    <ClCompile Include="src\memory.cpp">
      <Filter>machine</Filter>
    </ClCompile>
    <ClCompile Include="src\path_utils.cpp">
      <Filter>machine</Filter>
    </ClCompile>
    <ClCompile Include="src\speaker.cpp">
      <Filter>machine</Filter>
    </ClCompile>
    <ClCompile Include="src\video.cpp">
      <Filter>machine</Filter>
    </ClCompile>
    <ClCompile Include="src\interface.cpp">
      <Filter>ui</Filter>
    </ClCompile>
    <ClCompile Include="src\debugger.cpp">
      <Filter>debugger</Filter>
    </ClCompile>
    <ClCompile Include="src\assemble.cpp">
      <Filter>debugger</Filter>
    </ClCompile>
    <ClCompile Include="src\apple2emu.cpp" />
    <ClCompile Include="src\debugger_memory.cpp">
      <Filter>debugger</Filter>
    </ClCompile>
    <ClCompile Include="src\debugger_console.cpp">
      <Filter>debugger</Filter>
    </ClCompile>
    <ClCompile Include="src\debugger_disasm.cpp">
      <Filter>debugger</Filter>
    </ClCompile>
    <ClCompile Include="src\6502.cpp">
      <Filter>machine</Filter>
    </ClCompile>
    <ClCompile Include="z80emu\z80emu.cpp">
      <Filter>z80</Filter>
    </ClCompile>
    <ClCompile Include="z80emu\maketables.cpp">
      <Filter>z80</Filter>
    </ClCompile>
    <ClCompile Include="z80emu\zextest.cpp">
      <Filter>z80</Filter>
    </ClCompile>
  </ItemGroup>
  <ItemGroup>
    <ClInclude Include="imgui\imconfig.h">
      <Filter>imgui</Filter>
    </ClInclude>
    <ClInclude Include="imgui\imgui.h">
      <Filter>imgui</Filter>
    </ClInclude>
    <ClInclude Include="imgui\imgui_internal.h">
      <Filter>imgui</Filter>
    </ClInclude>
    <ClInclude Include="imgui\stb_rect_pack.h">
      <Filter>imgui</Filter>
    </ClInclude>
    <ClInclude Include="imgui\stb_textedit.h">
      <Filter>imgui</Filter>
    </ClInclude>
    <ClInclude Include="imgui\stb_truetype.h">
      <Filter>imgui</Filter>
    </ClInclude>
    <ClInclude Include="imgui\imgui_impl_sdl.h">
      <Filter>imgui</Filter>
    </ClInclude>
    <ClInclude Include="nativefiledialog\src\nfd_common.h">
      <Filter>nativefiledialog</Filter>
    </ClInclude>
    <ClInclude Include="nativefiledialog\src\include\nfd.h">
      <Filter>nativefiledialog</Filter>
    </ClInclude>
    <ClInclude Include="nativefiledialog\src\common.h">
      <Filter>nativefiledialog</Filter>
    </ClInclude>
    <ClInclude Include="src\disk.h">
      <Filter>machine</Filter>
    </ClInclude>
    <ClInclude Include="src\disk_image.h">
      <Filter>machine</Filter>
    </ClInclude>
    <ClInclude Include="src\font.h">
      <Filter>machine</Filter>
    </ClInclude>
    <ClInclude Include="src\joystick.h">
      <Filter>machine</Filter>
    </ClInclude>
    <ClInclude Include="src\keyboard.h">
      <Filter>machine</Filter>
    </ClInclude>
    <ClInclude Include="src\memory.h">
      <Filter>machine</Filter>
    </ClInclude>
    <ClInclude Include="src\path_utils.h">
      <Filter>machine</Filter>
    </ClInclude>
    <ClInclude Include="src\speaker.h">
      <Filter>machine</Filter>
    </ClInclude>
    <ClInclude Include="src\video.h">
      <Filter>machine</Filter>
    </ClInclude>
    <ClInclude Include="src\interface.h">
      <Filter>ui</Filter>
    </ClInclude>
    <ClInclude Include="src\debugger.h">
      <Filter>debugger</Filter>
    </ClInclude>
    <ClInclude Include="src\assemble.h">
      <Filter>debugger</Filter>
    </ClInclude>
    <ClInclude Include="src\apple2emu.h" />
    <ClInclude Include="src\debugger_console.h">
      <Filter>debugger</Filter>
    </ClInclude>
    <ClInclude Include="src\debugger_memory.h">
      <Filter>debugger</Filter>
    </ClInclude>
    <ClInclude Include="src\debugger_disasm.h">
      <Filter>debugger</Filter>
    </ClInclude>
    <ClInclude Include="src\6502.h">
      <Filter>machine</Filter>
    </ClInclude>
    <ClInclude Include="z80emu\instructions.h">
      <Filter>z80</Filter>
    </ClInclude>
    <ClInclude Include="z80emu\macros.h">
      <Filter>z80</Filter>
    </ClInclude>
    <ClInclude Include="z80emu\tables.h">
      <Filter>z80</Filter>
    </ClInclude>
    <ClInclude Include="z80emu\z80emu.h">
      <Filter>z80</Filter>
    </ClInclude>
    <ClInclude Include="z80emu\z80config.h">
      <Filter>z80</Filter>
    </ClInclude>
    <ClInclude Include="z80emu\z80user.h">
      <Filter>z80</Filter>
    </ClInclude>
    <ClInclude Include="z80emu\zextest.h">
      <Filter>z80</Filter>
    </ClInclude>
    <ClInclude Include="src\apple2emu_defs.h" />
  </ItemGroup>
  <ItemGroup>
    <Filter Include="imgui">
      <UniqueIdentifier>{0cac1a4c-8997-4eee-b24a-bb279a454b3a}</UniqueIdentifier>
    </Filter>
    <Filter Include="ui">
      <UniqueIdentifier>{f8404438-d132-43aa-b005-0e885defa655}</UniqueIdentifier>
    </Filter>
    <Filter Include="nativefiledialog">
      <UniqueIdentifier>{2de433df-56d2-40af-8d01-f6c1211c596c}</UniqueIdentifier>
    </Filter>
    <Filter Include="machine">
      <UniqueIdentifier>{84c03be9-c982-4608-9f87-023a7b5eaeee}</UniqueIdentifier>
    </Filter>
    <Filter Include="debugger">
      <UniqueIdentifier>{7cd16d80-a700-4350-b6e6-3c7159a545b1}</UniqueIdentifier>
    </Filter>
    <Filter Include="z80">
      <UniqueIdentifier>{2202eb85-2941-40b8-a540-96d8e4cde5c9}</UniqueIdentifier>
    </Filter>
  </ItemGroup>
</Project>